
Microsoft Visual Studio Solution File, Format Version 12.00
# Visual Studio Version 17
VisualStudioVersion = 17.14.37301.10
MinimumVisualStudioVersion = 10.0.40219.1
Project("{FAE04EC0-301F-11D3-BF4B-00C04F79EFBC}") = "GymManagement.PL", "GymManagment\GymManagement.PL.csproj", "{CB58BAB3-01B9-436A-8C9F-C7FDF3A1E7C3}"
EndProject
Project("{FAE04EC0-301F-11D3-BF4B-00C04F79EFBC}") = "GymManagement.DLL", "GymManagement.DLL\GymManagement.DLL.csproj", "{80AC7B80-7A64-4975-858E-853DA4958069}"
EndProject
Project("{FAE04EC0-301F-11D3-BF4B-00C04F79EFBC}") = "GymManagement.DAL", "GymManagement.DAL\GymManagement.DAL.csproj", "{A734EAFA-C0E0-4E27-ACAB-F8F350CBD267}"
EndProject
Global
	GlobalSection(SolutionConfigurationPlatforms) = preSolution
		Debug|Any CPU = Debug|Any CPU
		Release|Any CPU = Release|Any CPU
	EndGlobalSection
	GlobalSection(ProjectConfigurationPlatforms) = postSolution
		{CB58BAB3-01B9-436A-8C9F-C7FDF3A1E7C3}.Debug|Any CPU.ActiveCfg = Debug|Any CPU
		{CB58BAB3-01B9-436A-8C9F-C7FDF3A1E7C3}.Debug|Any CPU.Build.0 = Debug|Any CPU
		{CB58BAB3-01B9-436A-8C9F-C7FDF3A1E7C3}.Release|Any CPU.ActiveCfg = Release|Any CPU
		{CB58BAB3-01B9-436A-8C9F-C7FDF3A1E7C3}.Release|Any CPU.Build.0 = Release|Any CPU
		{80AC7B80-7A64-4975-858E-853DA4958069}.Debug|Any CPU.ActiveCfg = Debug|Any CPU
		{80AC7B80-7A64-4975-858E-853DA4958069}.Debug|Any CPU.Build.0 = Debug|Any CPU
		{80AC7B80-7A64-4975-858E-853DA4958069}.Release|Any CPU.ActiveCfg = Release|Any CPU
		{80AC7B80-7A64-4975-858E-853DA4958069}.Release|Any CPU.Build.0 = Release|Any CPU
		{A734EAFA-C0E0-4E27-ACAB-F8F350CBD267}.Debug|Any CPU.ActiveCfg = Debug|Any CPU
		{A734EAFA-C0E0-4E27-ACAB-F8F350CBD267}.Debug|Any CPU.Build.0 = Debug|Any CPU
		{A734EAFA-C0E0-4E27-ACAB-F8F350CBD267}.Release|Any CPU.ActiveCfg = Release|Any CPU
		{A734EAFA-C0E0-4E27-ACAB-F8F350CBD267}.Release|Any CPU.Build.0 = Release|Any CPU
	EndGlobalSection
	GlobalSection(SolutionProperties) = preSolution
		HideSolutionNode = FALSE
	EndGlobalSection
	GlobalSection(ExtensibilityGlobals) = postSolution
		SolutionGuid = {B294C92C-06A9-4619-A765-C65192C6FA6E}
	EndGlobalSection
EndGlobal
